// !$*UTF8*$!
{
	archiveVersion = 1;
	classes = {
	};
	objectVersion = 55;
	objects = {

/* Begin PBXBuildFile section */
		7A08934727B9C33B0059D247 /* BullseyeApp.swift in Sources */ = {isa = PBXBuildFile; fileRef = 7A08933727B9C3390059D247 /* BullseyeApp.swift */; };
		7A08934827B9C33B0059D247 /* BullseyeApp.swift in Sources */ = {isa = PBXBuildFile; fileRef = 7A08933727B9C3390059D247 /* BullseyeApp.swift */; };
		7A08934927B9C33B0059D247 /* ContentView.swift in Sources */ = {isa = PBXBuildFile; fileRef = 7A08933827B9C3390059D247 /* ContentView.swift */; };
		7A08934A27B9C33B0059D247 /* ContentView.swift in Sources */ = {isa = PBXBuildFile; fileRef = 7A08933827B9C3390059D247 /* ContentView.swift */; };
		7A08934B27B9C33B0059D247 /* Assets.xcassets in Resources */ = {isa = PBXBuildFile; fileRef = 7A08933927B9C33B0059D247 /* Assets.xcassets */; };
		7A08934C27B9C33B0059D247 /* Assets.xcassets in Resources */ = {isa = PBXBuildFile; fileRef = 7A08933927B9C33B0059D247 /* Assets.xcassets */; };
		7A11CBE527BC9B43007D85E4 /* BullseyeTests.swift in Sources */ = {isa = PBXBuildFile; fileRef = 7A11CBE427BC9B43007D85E4 /* BullseyeTests.swift */; };
		7A48031727BB630D001C947F /* Game.swift in Sources */ = {isa = PBXBuildFile; fileRef = 7A48031627BB630D001C947F /* Game.swift */; };
/* End PBXBuildFile section */

/* Begin PBXContainerItemProxy section */
		7A11CBE627BC9B43007D85E4 /* PBXContainerItemProxy */ = {
			isa = PBXContainerItemProxy;
			containerPortal = 7A08933227B9C3390059D247 /* Project object */;
			proxyType = 1;
			remoteGlobalIDString = 7A08933D27B9C33B0059D247;
			remoteInfo = "Bullseye (iOS)";
		};
/* End PBXContainerItemProxy section */

/* Begin PBXFileReference section */
		7A08933727B9C3390059D247 /* BullseyeApp.swift */ = {isa = PBXFileReference; lastKnownFileType = sourcecode.swift; path = BullseyeApp.swift; sourceTree = "<group>"; };
		7A08933827B9C3390059D247 /* ContentView.swift */ = {isa = PBXFileReference; lastKnownFileType = sourcecode.swift; path = ContentView.swift; sourceTree = "<group>"; };
		7A08933927B9C33B0059D247 /* Assets.xcassets */ = {isa = PBXFileReference; lastKnownFileType = folder.assetcatalog; path = Assets.xcassets; sourceTree = "<group>"; };
		7A08933E27B9C33B0059D247 /* Bullseye.app */ = {isa = PBXFileReference; explicitFileType = wrapper.application; includeInIndex = 0; path = Bullseye.app; sourceTree = BUILT_PRODUCTS_DIR; };
		7A08934427B9C33B0059D247 /* Bullseye.app */ = {isa = PBXFileReference; explicitFileType = wrapper.application; includeInIndex = 0; path = Bullseye.app; sourceTree = BUILT_PRODUCTS_DIR; };
		7A08934627B9C33B0059D247 /* macOS.entitlements */ = {isa = PBXFileReference; lastKnownFileType = text.plist.entitlements; path = macOS.entitlements; sourceTree = "<group>"; };
		7A11CBE227BC9B43007D85E4 /* BullseyeTests.xctest */ = {isa = PBXFileReference; explicitFileType = wrapper.cfbundle; includeInIndex = 0; path = BullseyeTests.xctest; sourceTree = BUILT_PRODUCTS_DIR; };
		7A11CBE427BC9B43007D85E4 /* BullseyeTests.swift */ = {isa = PBXFileReference; lastKnownFileType = sourcecode.swift; path = BullseyeTests.swift; sourceTree = "<group>"; };
		7A48031627BB630D001C947F /* Game.swift */ = {isa = PBXFileReference; lastKnownFileType = sourcecode.swift; path = Game.swift; sourceTree = "<group>"; };
/* End PBXFileReference section */

/* Begin PBXFrameworksBuildPhase section */
		7A08933B27B9C33B0059D247 /* Frameworks */ = {
			isa = PBXFrameworksBuildPhase;
			buildActionMask = 2147483647;
			files = (
			);
			runOnlyForDeploymentPostprocessing = 0;
		};
		7A08934127B9C33B0059D247 /* Frameworks */ = {
			isa = PBXFrameworksBuildPhase;
			buildActionMask = 2147483647;
			files = (
			);
			runOnlyForDeploymentPostprocessing = 0;
		};
		7A11CBDF27BC9B43007D85E4 /* Frameworks */ = {
			isa = PBXFrameworksBuildPhase;
			buildActionMask = 2147483647;
			files = (
			);
			runOnlyForDeploymentPostprocessing = 0;
		};
/* End PBXFrameworksBuildPhase section */

/* Begin PBXGroup section */
		7A08933127B9C3390059D247 = {
			isa = PBXGroup;
			children = (
				7A08933627B9C3390059D247 /* Shared */,
				7A08934527B9C33B0059D247 /* macOS */,
				7A11CBE327BC9B43007D85E4 /* BullseyeTests */,
				7A08933F27B9C33B0059D247 /* Products */,
			);
			sourceTree = "<group>";
		};
		7A08933627B9C3390059D247 /* Shared */ = {
			isa = PBXGroup;
			children = (
				7A48031527BB60D8001C947F /* App */,
				7A48031427BB60C4001C947F /* Views */,
				7A48031327BB60BC001C947F /* Models */,
			);
			path = Shared;
			sourceTree = "<group>";
		};
		7A08933F27B9C33B0059D247 /* Products */ = {
			isa = PBXGroup;
			children = (
				7A08933E27B9C33B0059D247 /* Bullseye.app */,
				7A08934427B9C33B0059D247 /* Bullseye.app */,
				7A11CBE227BC9B43007D85E4 /* BullseyeTests.xctest */,
			);
			name = Products;
			sourceTree = "<group>";
		};
		7A08934527B9C33B0059D247 /* macOS */ = {
			isa = PBXGroup;
			children = (
				7A08934627B9C33B0059D247 /* macOS.entitlements */,
			);
			path = macOS;
			sourceTree = "<group>";
		};
		7A11CBE327BC9B43007D85E4 /* BullseyeTests */ = {
			isa = PBXGroup;
			children = (
				7A11CBE427BC9B43007D85E4 /* BullseyeTests.swift */,
			);
			path = BullseyeTests;
			sourceTree = "<group>";
		};
		7A48031327BB60BC001C947F /* Models */ = {
			isa = PBXGroup;
			children = (
				7A48031627BB630D001C947F /* Game.swift */,
			);
			path = Models;
			sourceTree = "<group>";
		};
		7A48031427BB60C4001C947F /* Views */ = {
			isa = PBXGroup;
			children = (
				7A08933827B9C3390059D247 /* ContentView.swift */,
			);
			path = Views;
			sourceTree = "<group>";
		};
		7A48031527BB60D8001C947F /* App */ = {
			isa = PBXGroup;
			children = (
				7A08933727B9C3390059D247 /* BullseyeApp.swift */,
				7A08933927B9C33B0059D247 /* Assets.xcassets */,
			);
			path = App;
			sourceTree = "<group>";
		};
/* End PBXGroup section */

/* Begin PBXNativeTarget section */
		7A08933D27B9C33B0059D247 /* Bullseye (iOS) */ = {
			isa = PBXNativeTarget;
			buildConfigurationList = 7A08934F27B9C33B0059D247 /* Build configuration list for PBXNativeTarget "Bullseye (iOS)" */;
			buildPhases = (
				7A08933A27B9C33B0059D247 /* Sources */,
				7A08933B27B9C33B0059D247 /* Frameworks */,
				7A08933C27B9C33B0059D247 /* Resources */,
			);
			buildRules = (
			);
			dependencies = (
			);
			name = "Bullseye (iOS)";
			productName = "Bullseye (iOS)";
			productReference = 7A08933E27B9C33B0059D247 /* Bullseye.app */;
			productType = "com.apple.product-type.application";
		};
		7A08934327B9C33B0059D247 /* Bullseye (macOS) */ = {
			isa = PBXNativeTarget;
			buildConfigurationList = 7A08935227B9C33B0059D247 /* Build configuration list for PBXNativeTarget "Bullseye (macOS)" */;
			buildPhases = (
				7A08934027B9C33B0059D247 /* Sources */,
				7A08934127B9C33B0059D247 /* Frameworks */,
				7A08934227B9C33B0059D247 /* Resources */,
			);
			buildRules = (
			);
			dependencies = (
			);
			name = "Bullseye (macOS)";
			productName = "Bullseye (macOS)";
			productReference = 7A08934427B9C33B0059D247 /* Bullseye.app */;
			productType = "com.apple.product-type.application";
		};
		7A11CBE127BC9B43007D85E4 /* BullseyeTests */ = {
			isa = PBXNativeTarget;
			buildConfigurationList = 7A11CBEA27BC9B43007D85E4 /* Build configuration list for PBXNativeTarget "BullseyeTests" */;
			buildPhases = (
				7A11CBDE27BC9B43007D85E4 /* Sources */,
				7A11CBDF27BC9B43007D85E4 /* Frameworks */,
				7A11CBE027BC9B43007D85E4 /* Resources */,
			);
			buildRules = (
			);
			dependencies = (
				7A11CBE727BC9B43007D85E4 /* PBXTargetDependency */,
			);
			name = BullseyeTests;
			productName = BullseyeTests;
			productReference = 7A11CBE227BC9B43007D85E4 /* BullseyeTests.xctest */;
			productType = "com.apple.product-type.bundle.unit-test";
		};
/* End PBXNativeTarget section */

/* Begin PBXProject section */
		7A08933227B9C3390059D247 /* Project object */ = {
			isa = PBXProject;
			attributes = {
				BuildIndependentTargetsInParallel = 1;
				LastSwiftUpdateCheck = 1300;
				LastUpgradeCheck = 1300;
				TargetAttributes = {
					7A08933D27B9C33B0059D247 = {
						CreatedOnToolsVersion = 13.0;
					};
					7A08934327B9C33B0059D247 = {
						CreatedOnToolsVersion = 13.0;
					};
					7A11CBE127BC9B43007D85E4 = {
						CreatedOnToolsVersion = 13.0;
						TestTargetID = 7A08933D27B9C33B0059D247;
					};
				};
			};
			buildConfigurationList = 7A08933527B9C3390059D247 /* Build configuration list for PBXProject "Bullseye" */;
			compatibilityVersion = "Xcode 13.0";
			developmentRegion = en;
			hasScannedForEncodings = 0;
			knownRegions = (
				en,
				Base,
			);
			mainGroup = 7A08933127B9C3390059D247;
			productRefGroup = 7A08933F27B9C33B0059D247 /* Products */;
			projectDirPath = "";
			projectRoot = "";
			targets = (
				7A08933D27B9C33B0059D247 /* Bullseye (iOS) */,
				7A08934327B9C33B0059D247 /* Bullseye (macOS) */,
				7A11CBE127BC9B43007D85E4 /* BullseyeTests */,
			);
		};
/* End PBXProject section */

/* Begin PBXResourcesBuildPhase section */
		7A08933C27B9C33B0059D247 /* Resources */ = {
			isa = PBXResourcesBuildPhase;
			buildActionMask = 2147483647;
			files = (
				7A08934B27B9C33B0059D247 /* Assets.xcassets in Resources */,
			);
			runOnlyForDeploymentPostprocessing = 0;
		};
		7A08934227B9C33B0059D247 /* Resources */ = {
			isa = PBXResourcesBuildPhase;
			buildActionMask = 2147483647;
			files = (
				7A08934C27B9C33B0059D247 /* Assets.xcassets in Resources */,
			);
			runOnlyForDeploymentPostprocessing = 0;
		};
		7A11CBE027BC9B43007D85E4 /* Resources */ = {
			isa = PBXResourcesBuildPhase;
			buildActionMask = 2147483647;
			files = (
			);
			runOnlyForDeploymentPostprocessing = 0;
		};
/* End PBXResourcesBuildPhase section */

/* Begin PBXSourcesBuildPhase section */
		7A08933A27B9C33B0059D247 /* Sources */ = {
			isa = PBXSourcesBuildPhase;
			buildActionMask = 2147483647;
			files = (
				7A08934927B9C33B0059D247 /* ContentView.swift in Sources */,
				7A48031727BB630D001C947F /* Game.swift in Sources */,
				7A08934727B9C33B0059D247 /* BullseyeApp.swift in Sources */,
			);
			runOnlyForDeploymentPostprocessing = 0;
		};
		7A08934027B9C33B0059D247 /* Sources */ = {
			isa = PBXSourcesBuildPhase;
			buildActionMask = 2147483647;
			files = (
				7A08934A27B9C33B0059D247 /* ContentView.swift in Sources */,
				7A08934827B9C33B0059D247 /* BullseyeApp.swift in Sources */,
			);
			runOnlyForDeploymentPostprocessing = 0;
		};
		7A11CBDE27BC9B43007D85E4 /* Sources */ = {
			isa = PBXSourcesBuildPhase;
			buildActionMask = 2147483647;
			files = (
				7A11CBE527BC9B43007D85E4 /* BullseyeTests.swift in Sources */,
			);
			runOnlyForDeploymentPostprocessing = 0;
		};
/* End PBXSourcesBuildPhase section */

/* Begin PBXTargetDependency section */
		7A11CBE727BC9B43007D85E4 /* PBXTargetDependency */ = {
			isa = PBXTargetDependency;
			target = 7A08933D27B9C33B0059D247 /* Bullseye (iOS) */;
			targetProxy = 7A11CBE627BC9B43007D85E4 /* PBXContainerItemProxy */;
		};
/* End PBXTargetDependency section */

/* Begin XCBuildConfiguration section */
		7A08934D27B9C33B0059D247 /* Debug */ = {
			isa = XCBuildConfiguration;
			buildSettings = {
				ALWAYS_SEARCH_USER_PATHS = NO;
				CLANG_ANALYZER_NONNULL = YES;
				CLANG_ANALYZER_NUMBER_OBJECT_CONVERSION = YES_AGGRESSIVE;
				CLANG_CXX_LANGUAGE_STANDARD = "gnu++17";
				CLANG_CXX_LIBRARY = "libc++";
				CLANG_ENABLE_MODULES = YES;
				CLANG_ENABLE_OBJC_ARC = YES;
				CLANG_ENABLE_OBJC_WEAK = YES;
				CLANG_WARN_BLOCK_CAPTURE_AUTORELEASING = YES;
				CLANG_WARN_BOOL_CONVERSION = YES;
				CLANG_WARN_COMMA = YES;
				CLANG_WARN_CONSTANT_CONVERSION = YES;
				CLANG_WARN_DEPRECATED_OBJC_IMPLEMENTATIONS = YES;
				CLANG_WARN_DIRECT_OBJC_ISA_USAGE = YES_ERROR;
				CLANG_WARN_DOCUMENTATION_COMMENTS = YES;
				CLANG_WARN_EMPTY_BODY = YES;
				CLANG_WARN_ENUM_CONVERSION = YES;
				CLANG_WARN_INFINITE_RECURSION = YES;
				CLANG_WARN_INT_CONVERSION = YES;
				CLANG_WARN_NON_LITERAL_NULL_CONVERSION = YES;
				CLANG_WARN_OBJC_IMPLICIT_RETAIN_SELF = YES;
				CLANG_WARN_OBJC_LITERAL_CONVERSION = YES;
				CLANG_WARN_OBJC_ROOT_CLASS = YES_ERROR;
				CLANG_WARN_QUOTED_INCLUDE_IN_FRAMEWORK_HEADER = YES;
				CLANG_WARN_RANGE_LOOP_ANALYSIS = YES;
				CLANG_WARN_STRICT_PROTOTYPES = YES;
				CLANG_WARN_SUSPICIOUS_MOVE = YES;
				CLANG_WARN_UNGUARDED_AVAILABILITY = YES_AGGRESSIVE;
				CLANG_WARN_UNREACHABLE_CODE = YES;
				CLANG_WARN__DUPLICATE_METHOD_MATCH = YES;
				COPY_PHASE_STRIP = NO;
				DEBUG_INFORMATION_FORMAT = dwarf;
				ENABLE_STRICT_OBJC_MSGSEND = YES;
				ENABLE_TESTABILITY = YES;
				GCC_C_LANGUAGE_STANDARD = gnu11;
				GCC_DYNAMIC_NO_PIC = NO;
				GCC_NO_COMMON_BLOCKS = YES;
				GCC_OPTIMIZATION_LEVEL = 0;
				GCC_PREPROCESSOR_DEFINITIONS = (
					"DEBUG=1",
					"$(inherited)",
				);
				GCC_WARN_64_TO_32_BIT_CONVERSION = YES;
				GCC_WARN_ABOUT_RETURN_TYPE = YES_ERROR;
				GCC_WARN_UNDECLARED_SELECTOR = YES;
				GCC_WARN_UNINITIALIZED_AUTOS = YES_AGGRESSIVE;
				GCC_WARN_UNUSED_FUNCTION = YES;
				GCC_WARN_UNUSED_VARIABLE = YES;
				MTL_ENABLE_DEBUG_INFO = INCLUDE_SOURCE;
				MTL_FAST_MATH = YES;
				ONLY_ACTIVE_ARCH = YES;
				SWIFT_ACTIVE_COMPILATION_CONDITIONS = DEBUG;
				SWIFT_OPTIMIZATION_LEVEL = "-Onone";
			};
			name = Debug;
		};
		7A08934E27B9C33B0059D247 /* Release */ = {
			isa = XCBuildConfiguration;
			buildSettings = {
				ALWAYS_SEARCH_USER_PATHS = NO;
				CLANG_ANALYZER_NONNULL = YES;
				CLANG_ANALYZER_NUMBER_OBJECT_CONVERSION = YES_AGGRESSIVE;
				CLANG_CXX_LANGUAGE_STANDARD = "gnu++17";
				CLANG_CXX_LIBRARY = "libc++";
				CLANG_ENABLE_MODULES = YES;
				CLANG_ENABLE_OBJC_ARC = YES;
				CLANG_ENABLE_OBJC_WEAK = YES;
				CLANG_WARN_BLOCK_CAPTURE_AUTORELEASING = YES;
				CLANG_WARN_BOOL_CONVERSION = YES;
				CLANG_WARN_COMMA = YES;
				CLANG_WARN_CONSTANT_CONVERSION = YES;
				CLANG_WARN_DEPRECATED_OBJC_IMPLEMENTATIONS = YES;
				CLANG_WARN_DIRECT_OBJC_ISA_USAGE = YES_ERROR;
				CLANG_WARN_DOCUMENTATION_COMMENTS = YES;
				CLANG_WARN_EMPTY_BODY = YES;
				CLANG_WARN_ENUM_CONVERSION = YES;
				CLANG_WARN_INFINITE_RECURSION = YES;
				CLANG_WARN_INT_CONVERSION = YES;
				CLANG_WARN_NON_LITERAL_NULL_CONVERSION = YES;
				CLANG_WARN_OBJC_IMPLICIT_RETAIN_SELF = YES;
				CLANG_WARN_OBJC_LITERAL_CONVERSION = YES;
				CLANG_WARN_OBJC_ROOT_CLASS = YES_ERROR;
				CLANG_WARN_QUOTED_INCLUDE_IN_FRAMEWORK_HEADER = YES;
				CLANG_WARN_RANGE_LOOP_ANALYSIS = YES;
				CLANG_WARN_STRICT_PROTOTYPES = YES;
				CLANG_WARN_SUSPICIOUS_MOVE = YES;
				CLANG_WARN_UNGUARDED_AVAILABILITY = YES_AGGRESSIVE;
				CLANG_WARN_UNREACHABLE_CODE = YES;
				CLANG_WARN__DUPLICATE_METHOD_MATCH = YES;
				COPY_PHASE_STRIP = NO;
				DEBUG_INFORMATION_FORMAT = "dwarf-with-dsym";
				ENABLE_NS_ASSERTIONS = NO;
				ENABLE_STRICT_OBJC_MSGSEND = YES;
				GCC_C_LANGUAGE_STANDARD = gnu11;
				GCC_NO_COMMON_BLOCKS = YES;
				GCC_WARN_64_TO_32_BIT_CONVERSION = YES;
				GCC_WARN_ABOUT_RETURN_TYPE = YES_ERROR;
				GCC_WARN_UNDECLARED_SELECTOR = YES;
				GCC_WARN_UNINITIALIZED_AUTOS = YES_AGGRESSIVE;
				GCC_WARN_UNUSED_FUNCTION = YES;
				GCC_WARN_UNUSED_VARIABLE = YES;
				MTL_ENABLE_DEBUG_INFO = NO;
				MTL_FAST_MATH = YES;
				SWIFT_COMPILATION_MODE = wholemodule;
				SWIFT_OPTIMIZATION_LEVEL = "-O";
			};
			name = Release;
		};
		7A08935027B9C33B0059D247 /* Debug */ = {
			isa = XCBuildConfiguration;
			buildSettings = {
				ASSETCATALOG_COMPILER_APPICON_NAME = AppIcon;
				ASSETCATALOG_COMPILER_GLOBAL_ACCENT_COLOR_NAME = AccentColor;
				CODE_SIGN_STYLE = Automatic;
				CURRENT_PROJECT_VERSION = 1;
				DEVELOPMENT_TEAM = DL9N9GFVMW;
				ENABLE_PREVIEWS = YES;
				GENERATE_INFOPLIST_FILE = YES;
				INFOPLIST_KEY_UIApplicationSceneManifest_Generation = YES;
				INFOPLIST_KEY_UIApplicationSupportsIndirectInputEvents = YES;
				INFOPLIST_KEY_UILaunchScreen_Generation = YES;
				INFOPLIST_KEY_UISupportedInterfaceOrientations_iPad = "UIInterfaceOrientationPortrait UIInterfaceOrientationPortraitUpsideDown UIInterfaceOrientationLandscapeLeft UIInterfaceOrientationLandscapeRight";
				INFOPLIST_KEY_UISupportedInterfaceOrientations_iPhone = "UIInterfaceOrientationPortrait UIInterfaceOrientationLandscapeLeft UIInterfaceOrientationLandscapeRight";
				IPHONEOS_DEPLOYMENT_TARGET = 14.0;
				LD_RUNPATH_SEARCH_PATHS = (
					"$(inherited)",
					"@executable_path/Frameworks",
				);
				MARKETING_VERSION = 1.0;
				PRODUCT_BUNDLE_IDENTIFIER = phainestha1.Bullseye;
				PRODUCT_NAME = Bullseye;
				SDKROOT = iphoneos;
				SWIFT_EMIT_LOC_STRINGS = YES;
				SWIFT_VERSION = 5.0;
				TARGETED_DEVICE_FAMILY = "1,2";
			};
			name = Debug;
		};
		7A08935127B9C33B0059D247 /* Release */ = {
			isa = XCBuildConfiguration;
			buildSettings = {
				ASSETCATALOG_COMPILER_APPICON_NAME = AppIcon;
				ASSETCATALOG_COMPILER_GLOBAL_ACCENT_COLOR_NAME = AccentColor;
				CODE_SIGN_STYLE = Automatic;
				CURRENT_PROJECT_VERSION = 1;
				DEVELOPMENT_TEAM = DL9N9GFVMW;
				ENABLE_PREVIEWS = YES;
				GENERATE_INFOPLIST_FILE = YES;
				INFOPLIST_KEY_UIApplicationSceneManifest_Generation = YES;
				INFOPLIST_KEY_UIApplicationSupportsIndirectInputEvents = YES;
				INFOPLIST_KEY_UILaunchScreen_Generation = YES;
				INFOPLIST_KEY_UISupportedInterfaceOrientations_iPad = "UIInterfaceOrientationPortrait UIInterfaceOrientationPortraitUpsideDown UIInterfaceOrientationLandscapeLeft UIInterfaceOrientationLandscapeRight";
				INFOPLIST_KEY_UISupportedInterfaceOrientations_iPhone = "UIInterfaceOrientationPortrait UIInterfaceOrientationLandscapeLeft UIInterfaceOrientationLandscapeRight";
				IPHONEOS_DEPLOYMENT_TARGET = 14.0;
				LD_RUNPATH_SEARCH_PATHS = (
					"$(inherited)",
					"@executable_path/Frameworks",
				);
				MARKETING_VERSION = 1.0;
				PRODUCT_BUNDLE_IDENTIFIER = phainestha1.Bullseye;
				PRODUCT_NAME = Bullseye;
				SDKROOT = iphoneos;
				SWIFT_EMIT_LOC_STRINGS = YES;
				SWIFT_VERSION = 5.0;
				TARGETED_DEVICE_FAMILY = "1,2";
				VALIDATE_PRODUCT = YES;
			};
			name = Release;
		};
		7A08935327B9C33B0059D247 /* Debug */ = {
			isa = XCBuildConfiguration;
			buildSettings = {
				ASSETCATALOG_COMPILER_APPICON_NAME = AppIcon;
				ASSETCATALOG_COMPILER_GLOBAL_ACCENT_COLOR_NAME = AccentColor;
				CODE_SIGN_ENTITLEMENTS = macOS/macOS.entitlements;
				CODE_SIGN_STYLE = Automatic;
				COMBINE_HIDPI_IMAGES = YES;
				CURRENT_PROJECT_VERSION = 1;
				ENABLE_PREVIEWS = YES;
				GENERATE_INFOPLIST_FILE = YES;
				INFOPLIST_KEY_NSHumanReadableCopyright = "";
				LD_RUNPATH_SEARCH_PATHS = (
					"$(inherited)",
					"@executable_path/../Frameworks",
				);
				MACOSX_DEPLOYMENT_TARGET = 11.0;
				MARKETING_VERSION = 1.0;
				PRODUCT_BUNDLE_IDENTIFIER = phainestha1.Bullseye;
				PRODUCT_NAME = Bullseye;
				SDKROOT = macosx;
				SWIFT_EMIT_LOC_STRINGS = YES;
				SWIFT_VERSION = 5.0;
			};
			name = Debug;
		};
		7A08935427B9C33B0059D247 /* Release */ = {
			isa = XCBuildConfiguration;
			buildSettings = {
				ASSETCATALOG_COMPILER_APPICON_NAME = AppIcon;
				ASSETCATALOG_COMPILER_GLOBAL_ACCENT_COLOR_NAME = AccentColor;
				CODE_SIGN_ENTITLEMENTS = macOS/macOS.entitlements;
				CODE_SIGN_STYLE = Automatic;
				COMBINE_HIDPI_IMAGES = YES;
				CURRENT_PROJECT_VERSION = 1;
				ENABLE_PREVIEWS = YES;
				GENERATE_INFOPLIST_FILE = YES;
				INFOPLIST_KEY_NSHumanReadableCopyright = "";
				LD_RUNPATH_SEARCH_PATHS = (
					"$(inherited)",
					"@executable_path/../Frameworks",
				);
				MACOSX_DEPLOYMENT_TARGET = 11.0;
				MARKETING_VERSION = 1.0;
				PRODUCT_BUNDLE_IDENTIFIER = phainestha1.Bullseye;
				PRODUCT_NAME = Bullseye;
				SDKROOT = macosx;
				SWIFT_EMIT_LOC_STRINGS = YES;
				SWIFT_VERSION = 5.0;
			};
			name = Release;
		};
		7A11CBE827BC9B43007D85E4 /* Debug */ = {
			isa = XCBuildConfiguration;
			buildSettings = {
				BUNDLE_LOADER = "$(TEST_HOST)";
				CODE_SIGN_STYLE = Automatic;
				CURRENT_PROJECT_VERSION = 1;
				GENERATE_INFOPLIST_FILE = YES;
				IPHONEOS_DEPLOYMENT_TARGET = 15.0;
				LD_RUNPATH_SEARCH_PATHS = (
					"$(inherited)",
					"@executable_path/Frameworks",
					"@loader_path/Frameworks",
				);
				MARKETING_VERSION = 1.0;
				PRODUCT_BUNDLE_IDENTIFIER = phainestha1.BullseyeTests;
				PRODUCT_NAME = "$(TARGET_NAME)";
				SDKROOT = iphoneos;
				SWIFT_EMIT_LOC_STRINGS = NO;
				SWIFT_VERSION = 5.0;
				TARGETED_DEVICE_FAMILY = "1,2";
				TEST_HOST = "$(BUILT_PRODUCTS_DIR)/Bullseye.app/Bullseye";
			};
			name = Debug;
		};
		7A11CBE927BC9B43007D85E4 /* Release */ = {
			isa = XCBuildConfiguration;
			buildSettings = {
				BUNDLE_LOADER = "$(TEST_HOST)";
				CODE_SIGN_STYLE = Automatic;
				CURRENT_PROJECT_VERSION = 1;
				GENERATE_INFOPLIST_FILE = YES;
				IPHONEOS_DEPLOYMENT_TARGET = 15.0;
				LD_RUNPATH_SEARCH_PATHS = (
					"$(inherited)",
					"@executable_path/Frameworks",
					"@loader_path/Frameworks",
				);
				MARKETING_VERSION = 1.0;
				PRODUCT_BUNDLE_IDENTIFIER = phainestha1.BullseyeTests;
				PRODUCT_NAME = "$(TARGET_NAME)";
				SDKROOT = iphoneos;
				SWIFT_EMIT_LOC_STRINGS = NO;
				SWIFT_VERSION = 5.0;
				TARGETED_DEVICE_FAMILY = "1,2";
				TEST_HOST = "$(BUILT_PRODUCTS_DIR)/Bullseye.app/Bullseye";
				VALIDATE_PRODUCT = YES;
			};
			name = Release;
		};
/* End XCBuildConfiguration section */

/* Begin XCConfigurationList section */
		7A08933527B9C3390059D247 /* Build configuration list for PBXProject "Bullseye" */ = {
			isa = XCConfigurationList;
			buildConfigurations = (
				7A08934D27B9C33B0059D247 /* Debug */,
				7A08934E27B9C33B0059D247 /* Release */,
			);
			defaultConfigurationIsVisible = 0;
			defaultConfigurationName = Release;
		};
		7A08934F27B9C33B0059D247 /* Build configuration list for PBXNativeTarget "Bullseye (iOS)" */ = {
			isa = XCConfigurationList;
			buildConfigurations = (
				7A08935027B9C33B0059D247 /* Debug */,
				7A08935127B9C33B0059D247 /* Release */,
			);
			defaultConfigurationIsVisible = 0;
			defaultConfigurationName = Release;
		};
		7A08935227B9C33B0059D247 /* Build configuration list for PBXNativeTarget "Bullseye (macOS)" */ = {
			isa = XCConfigurationList;
			buildConfigurations = (
				7A08935327B9C33B0059D247 /* Debug */,
				7A08935427B9C33B0059D247 /* Release */,
			);
			defaultConfigurationIsVisible = 0;
			defaultConfigurationName = Release;
		};
		7A11CBEA27BC9B43007D85E4 /* Build configuration list for PBXNativeTarget "BullseyeTests" */ = {
			isa = XCConfigurationList;
			buildConfigurations = (
				7A11CBE827BC9B43007D85E4 /* Debug */,
				7A11CBE927BC9B43007D85E4 /* Release */,
			);
			defaultConfigurationIsVisible = 0;
			defaultConfigurationName = Release;
		};
/* End XCConfigurationList section */
	};
	rootObject = 7A08933227B9C3390059D247 /* Project object */;
}
